
Microsoft Visual Studio Solution File, Format Version 12.00
# Visual Studio Version 16
VisualStudioVersion = 16.0.30907.101
MinimumVisualStudioVersion = 10.0.40219.1
Project("{FAE04EC0-301F-11D3-BF4B-00C04F79EFBC}") = "TemplateMethod", "TemplateMethod\TemplateMethod.csproj", "{876C86CE-FDDD-42F9-8ED6-34FA69807F4C}"
EndProject
Global
	GlobalSection(SolutionConfigurationPlatforms) = preSolution
		Debug|Any CPU = Debug|Any CPU
		Release|Any CPU = Release|Any CPU
	EndGlobalSection
	GlobalSection(ProjectConfigurationPlatforms) = postSolution
		{876C86CE-FDDD-42F9-8ED6-34FA69807F4C}.Debug|Any CPU.ActiveCfg = Debug|Any CPU
		{876C86CE-FDDD-42F9-8ED6-34FA69807F4C}.Debug|Any CPU.Build.0 = Debug|Any CPU
		{876C86CE-FDDD-42F9-8ED6-34FA69807F4C}.Release|Any CPU.ActiveCfg = Release|Any CPU
		{876C86CE-FDDD-42F9-8ED6-34FA69807F4C}.Release|Any CPU.Build.0 = Release|Any CPU
	EndGlobalSection
	GlobalSection(SolutionProperties) = preSolution
		HideSolutionNode = FALSE
	EndGlobalSection
	GlobalSection(ExtensibilityGlobals) = postSolution
		SolutionGuid = {D65CEBD3-69D4-41F0-BF44-C45994BC0208}
	EndGlobalSection
EndGlobal
