
Microsoft Visual Studio Solution File, Format Version 12.00
# Visual Studio Version 16
VisualStudioVersion = 16.0.30907.101
MinimumVisualStudioVersion = 10.0.40219.1
Project("{FAE04EC0-301F-11D3-BF4B-00C04F79EFBC}") = "Interpretor", "Interpretor\Interpretor.csproj", "{B3D0F29F-F0C0-464B-AF65-83783E0B7ACA}"
EndProject
Global
	GlobalSection(SolutionConfigurationPlatforms) = preSolution
		Debug|Any CPU = Debug|Any CPU
		Release|Any CPU = Release|Any CPU
	EndGlobalSection
	GlobalSection(ProjectConfigurationPlatforms) = postSolution
		{B3D0F29F-F0C0-464B-AF65-83783E0B7ACA}.Debug|Any CPU.ActiveCfg = Debug|Any CPU
		{B3D0F29F-F0C0-464B-AF65-83783E0B7ACA}.Debug|Any CPU.Build.0 = Debug|Any CPU
		{B3D0F29F-F0C0-464B-AF65-83783E0B7ACA}.Release|Any CPU.ActiveCfg = Release|Any CPU
		{B3D0F29F-F0C0-464B-AF65-83783E0B7ACA}.Release|Any CPU.Build.0 = Release|Any CPU
	EndGlobalSection
	GlobalSection(SolutionProperties) = preSolution
		HideSolutionNode = FALSE
	EndGlobalSection
	GlobalSection(ExtensibilityGlobals) = postSolution
		SolutionGuid = {E9E9B274-045F-4662-9D91-5CF2717F2053}
	EndGlobalSection
EndGlobal
