
Microsoft Visual Studio Solution File, Format Version 12.00
# Visual Studio Version 16
VisualStudioVersion = 16.0.30907.101
MinimumVisualStudioVersion = 10.0.40219.1
Project("{FAE04EC0-301F-11D3-BF4B-00C04F79EFBC}") = "Observer", "Observer\Observer.csproj", "{425E380D-2A88-4799-997B-062494A4F98C}"
EndProject
Global
	GlobalSection(SolutionConfigurationPlatforms) = preSolution
		Debug|Any CPU = Debug|Any CPU
		Release|Any CPU = Release|Any CPU
	EndGlobalSection
	GlobalSection(ProjectConfigurationPlatforms) = postSolution
		{425E380D-2A88-4799-997B-062494A4F98C}.Debug|Any CPU.ActiveCfg = Debug|Any CPU
		{425E380D-2A88-4799-997B-062494A4F98C}.Debug|Any CPU.Build.0 = Debug|Any CPU
		{425E380D-2A88-4799-997B-062494A4F98C}.Release|Any CPU.ActiveCfg = Release|Any CPU
		{425E380D-2A88-4799-997B-062494A4F98C}.Release|Any CPU.Build.0 = Release|Any CPU
	EndGlobalSection
	GlobalSection(SolutionProperties) = preSolution
		HideSolutionNode = FALSE
	EndGlobalSection
	GlobalSection(ExtensibilityGlobals) = postSolution
		SolutionGuid = {F3F35CA6-31ED-41A4-97E5-AC45F5AA53BB}
	EndGlobalSection
EndGlobal
