
Microsoft Visual Studio Solution File, Format Version 12.00
# Visual Studio Version 16
VisualStudioVersion = 16.0.30907.101
MinimumVisualStudioVersion = 10.0.40219.1
Project("{FAE04EC0-301F-11D3-BF4B-00C04F79EFBC}") = "Adapter", "Adapter\Adapter.csproj", "{D5178F40-913B-4D07-84E7-29E64C59BB07}"
EndProject
Global
	GlobalSection(SolutionConfigurationPlatforms) = preSolution
		Debug|Any CPU = Debug|Any CPU
		Release|Any CPU = Release|Any CPU
	EndGlobalSection
	GlobalSection(ProjectConfigurationPlatforms) = postSolution
		{D5178F40-913B-4D07-84E7-29E64C59BB07}.Debug|Any CPU.ActiveCfg = Debug|Any CPU
		{D5178F40-913B-4D07-84E7-29E64C59BB07}.Debug|Any CPU.Build.0 = Debug|Any CPU
		{D5178F40-913B-4D07-84E7-29E64C59BB07}.Release|Any CPU.ActiveCfg = Release|Any CPU
		{D5178F40-913B-4D07-84E7-29E64C59BB07}.Release|Any CPU.Build.0 = Release|Any CPU
	EndGlobalSection
	GlobalSection(SolutionProperties) = preSolution
		HideSolutionNode = FALSE
	EndGlobalSection
	GlobalSection(ExtensibilityGlobals) = postSolution
		SolutionGuid = {35ED9B7E-6CE5-4AC5-9719-8B5E50F2F2A1}
	EndGlobalSection
EndGlobal
