
Microsoft Visual Studio Solution File, Format Version 12.00
# Visual Studio Version 16
VisualStudioVersion = 16.0.30907.101
MinimumVisualStudioVersion = 10.0.40219.1
Project("{FAE04EC0-301F-11D3-BF4B-00C04F79EFBC}") = "Prototype", "Prototype\Prototype.csproj", "{8EEE2122-CC0A-47B8-A370-F3426ACEE01C}"
EndProject
Global
	GlobalSection(SolutionConfigurationPlatforms) = preSolution
		Debug|Any CPU = Debug|Any CPU
		Release|Any CPU = Release|Any CPU
	EndGlobalSection
	GlobalSection(ProjectConfigurationPlatforms) = postSolution
		{8EEE2122-CC0A-47B8-A370-F3426ACEE01C}.Debug|Any CPU.ActiveCfg = Debug|Any CPU
		{8EEE2122-CC0A-47B8-A370-F3426ACEE01C}.Debug|Any CPU.Build.0 = Debug|Any CPU
		{8EEE2122-CC0A-47B8-A370-F3426ACEE01C}.Release|Any CPU.ActiveCfg = Release|Any CPU
		{8EEE2122-CC0A-47B8-A370-F3426ACEE01C}.Release|Any CPU.Build.0 = Release|Any CPU
	EndGlobalSection
	GlobalSection(SolutionProperties) = preSolution
		HideSolutionNode = FALSE
	EndGlobalSection
	GlobalSection(ExtensibilityGlobals) = postSolution
		SolutionGuid = {8A02A7A7-A5B0-4C03-B3D0-5F20F4566B50}
	EndGlobalSection
EndGlobal
